
Microsoft Visual Studio Solution File, Format Version 12.00
# Visual Studio Version 16
VisualStudioVersion = 16.0.31005.135
MinimumVisualStudioVersion = 10.0.40219.1
Project("{FAE04EC0-301F-11D3-BF4B-00C04F79EFBC}") = "Blog_App", "Blog_App\Blog_App.csproj", "{89D94CDC-646A-4088-A144-540CCABB2AD1}"
EndProject
Global
	GlobalSection(SolutionConfigurationPlatforms) = preSolution
		Debug|Any CPU = Debug|Any CPU
		Release|Any CPU = Release|Any CPU
	EndGlobalSection
	GlobalSection(ProjectConfigurationPlatforms) = postSolution
		{89D94CDC-646A-4088-A144-540CCABB2AD1}.Debug|Any CPU.ActiveCfg = Debug|Any CPU
		{89D94CDC-646A-4088-A144-540CCABB2AD1}.Debug|Any CPU.Build.0 = Debug|Any CPU
		{89D94CDC-646A-4088-A144-540CCABB2AD1}.Release|Any CPU.ActiveCfg = Release|Any CPU
		{89D94CDC-646A-4088-A144-540CCABB2AD1}.Release|Any CPU.Build.0 = Release|Any CPU
	EndGlobalSection
	GlobalSection(SolutionProperties) = preSolution
		HideSolutionNode = FALSE
	EndGlobalSection
	GlobalSection(ExtensibilityGlobals) = postSolution
		SolutionGuid = {887E5F12-FCAA-4260-9A22-2182DD149DA3}
	EndGlobalSection
EndGlobal
